<?xml version="1.0" encoding="utf-8"?>
<Project ToolsVersion="4.0" xmlns="http://schemas.microsoft.com/developer/msbuild/2003">
  <ItemGroup>
    <Filter Include="Source Files">
      <UniqueIdentifier>{4FC737F1-C7A5-4376-A066-2A32D752A2FF}</UniqueIdentifier>
      <Extensions>cpp;c;cc;cxx;c++;cppm;ixx;def;odl;idl;hpj;bat;asm;asmx</Extensions>
    </Filter>
    <Filter Include="ecs">
      <UniqueIdentifier>{30ae1259-635c-4eb0-b1a3-a0e4d8626864}</UniqueIdentifier>
    </Filter>
    <Filter Include="ui">
      <UniqueIdentifier>{72d64d37-1f3f-4836-98f1-a21315314b3a}</UniqueIdentifier>
    </Filter>
    <Filter Include="entities">
      <UniqueIdentifier>{770ab3b7-e468-4a2f-825f-660225c2c02e}</UniqueIdentifier>
    </Filter>
    <Filter Include="ui\components">
      <UniqueIdentifier>{697a1653-7730-40ff-ae6f-c4c2539167d1}</UniqueIdentifier>
    </Filter>
    <Filter Include="essentials">
      <UniqueIdentifier>{b11ce6ce-c6c3-4900-ba88-e125f4b2f61f}</UniqueIdentifier>
    </Filter>
    <Filter Include="entities\systems">
      <UniqueIdentifier>{30120a5a-30a8-461c-bca6-61aef133f1ef}</UniqueIdentifier>
    </Filter>
    <Filter Include="resource">
      <UniqueIdentifier>{fab6679b-10eb-4e77-bfb8-675e99f5ff10}</UniqueIdentifier>
    </Filter>
  </ItemGroup>
  <ItemGroup>
    <ClCompile Include="main.cpp">
      <Filter>Source Files</Filter>
    </ClCompile>
    <ClCompile Include="ecs\ecs.cpp">
      <Filter>ecs</Filter>
    </ClCompile>
    <ClCompile Include="glad.c">
      <Filter>Source Files</Filter>
    </ClCompile>
    <ClCompile Include="ui\ui.cpp">
      <Filter>ui</Filter>
    </ClCompile>
    <ClCompile Include="entities\prelude.cpp">
      <Filter>entities</Filter>
    </ClCompile>
    <ClCompile Include="ui\camera.cpp">
      <Filter>ui</Filter>
    </ClCompile>
    <ClCompile Include="ui\on_keyboard_action.cpp">
      <Filter>ui</Filter>
    </ClCompile>
    <ClCompile Include="entities\body.cpp">
      <Filter>entities</Filter>
    </ClCompile>
    <ClCompile Include="entities\create_world.cpp">
      <Filter>entities</Filter>
    </ClCompile>
    <ClCompile Include="stb_impl.cpp">
      <Filter>Source Files</Filter>
    </ClCompile>
    <ClCompile Include="essentials\json_parser.cpp">
      <Filter>essentials</Filter>
    </ClCompile>
    <ClCompile Include="ui\components\include_components.cpp">
      <Filter>ui\components</Filter>
    </ClCompile>
    <ClCompile Include="ui\lighting.cpp">
      <Filter>ui</Filter>
    </ClCompile>
    <ClCompile Include="entities\systems\create_system_forest.cpp">
      <Filter>entities\systems</Filter>
    </ClCompile>
    <ClCompile Include="ui\text.cpp">
      <Filter>ui</Filter>
    </ClCompile>
  </ItemGroup>
  <ItemGroup>
    <ClInclude Include="ecs\system_forest.hpp">
      <Filter>ecs</Filter>
    </ClInclude>
    <ClInclude Include="ecs\utils.hpp">
      <Filter>ecs</Filter>
    </ClInclude>
    <ClInclude Include="ecs\world.hpp">
      <Filter>ecs</Filter>
    </ClInclude>
    <ClInclude Include="ecs\prelude.hpp">
      <Filter>ecs</Filter>
    </ClInclude>
    <ClInclude Include="ecs\diff.hpp">
      <Filter>ecs</Filter>
    </ClInclude>
    <ClInclude Include="ui\ui.hpp">
      <Filter>ui</Filter>
    </ClInclude>
    <ClInclude Include="entities\prelude.hpp">
      <Filter>entities</Filter>
    </ClInclude>
    <ClInclude Include="ui\ui_component.hpp">
      <Filter>ui</Filter>
    </ClInclude>
    <ClInclude Include="ui\data_loader.hpp">
      <Filter>ui</Filter>
    </ClInclude>
    <ClInclude Include="ui\camera.hpp">
      <Filter>ui</Filter>
    </ClInclude>
    <ClInclude Include="ui\components\flame.hpp">
      <Filter>ui\components</Filter>
    </ClInclude>
    <ClInclude Include="ui\components\paper_shader.hpp">
      <Filter>ui\components</Filter>
    </ClInclude>
    <ClInclude Include="ui\components\stage.hpp">
      <Filter>ui\components</Filter>
    </ClInclude>
    <ClInclude Include="ui\components\wolf.hpp">
      <Filter>ui\components</Filter>
    </ClInclude>
    <ClInclude Include="essentials\curve.hpp">
      <Filter>essentials</Filter>
    </ClInclude>
    <ClInclude Include="essentials\json_parser.hpp">
      <Filter>essentials</Filter>
    </ClInclude>
    <ClInclude Include="ui\components\pig.hpp">
      <Filter>ui\components</Filter>
    </ClInclude>
    <ClInclude Include="ui\lighting.hpp">
      <Filter>ui</Filter>
    </ClInclude>
    <ClInclude Include="entities\systems\apply_character_input.hpp">
      <Filter>entities\systems</Filter>
    </ClInclude>
    <ClInclude Include="entities\systems\apply_elastic_collision.hpp">
      <Filter>entities\systems</Filter>
    </ClInclude>
    <ClInclude Include="entities\systems\apply_hit_damages.hpp">
      <Filter>entities\systems</Filter>
    </ClInclude>
    <ClInclude Include="entities\systems\apply_velocity.hpp">
      <Filter>entities\systems</Filter>
    </ClInclude>
    <ClInclude Include="entities\systems\constrain_velocity.hpp">
      <Filter>entities\systems</Filter>
    </ClInclude>
    <ClInclude Include="entities\systems\run_pig_agent.hpp">
      <Filter>entities\systems</Filter>
    </ClInclude>
    <ClInclude Include="gltext.h">
      <Filter>Source Files</Filter>
    </ClInclude>
    <ClInclude Include="ui\components\debugging.hpp">
      <Filter>ui\components</Filter>
    </ClInclude>
    <ClInclude Include="entities\systems\load_stage.hpp">
      <Filter>entities\systems</Filter>
    </ClInclude>
    <ClInclude Include="entities\systems\print_console.hpp">
      <Filter>entities\systems</Filter>
    </ClInclude>
    <ClInclude Include="ui\components\roar.hpp">
      <Filter>ui\components</Filter>
    </ClInclude>
    <ClInclude Include="essentials\sign.hpp">
      <Filter>essentials</Filter>
    </ClInclude>
    <ClInclude Include="ui\text.hpp">
      <Filter>ui</Filter>
    </ClInclude>
    <ClInclude Include="entities\systems\update_elapsed.hpp">
      <Filter>entities\systems</Filter>
    </ClInclude>
    <ClInclude Include="ui\components\bars.hpp">
      <Filter>ui\components</Filter>
    </ClInclude>
    <ClInclude Include="entities\systems\clear_dead.hpp">
      <Filter>entities\systems</Filter>
    </ClInclude>
    <ClInclude Include="entities\systems\activate_portal.hpp">
      <Filter>entities\systems</Filter>
    </ClInclude>
    <ClInclude Include="entities\systems\clear_pig_houses.hpp">
      <Filter>entities\systems</Filter>
    </ClInclude>
    <ClInclude Include="ui\components\grass.hpp">
      <Filter>ui\components</Filter>
    </ClInclude>
    <ClInclude Include="entities\systems\run_butterfly_agent.hpp">
      <Filter>entities\systems</Filter>
    </ClInclude>
    <ClInclude Include="ui\components\particles.hpp">
      <Filter>ui\components</Filter>
    </ClInclude>
    <ClInclude Include="ui\components\background.hpp">
      <Filter>ui\components</Filter>
    </ClInclude>
    <ClInclude Include="ui\components\butterflies.hpp">
      <Filter>ui\components</Filter>
    </ClInclude>
    <ClInclude Include="entities\systems\spawn_shards.hpp">
      <Filter>entities\systems</Filter>
    </ClInclude>
    <ClInclude Include="essentials\split.hpp">
      <Filter>essentials</Filter>
    </ClInclude>
    <ClInclude Include="resource.h">
      <Filter>resource</Filter>
    </ClInclude>
    <ClInclude Include="ui\components\flower.hpp">
      <Filter>ui\components</Filter>
    </ClInclude>
  </ItemGroup>
  <ItemGroup>
    <Image Include="assets\icon.ico">
      <Filter>resource</Filter>
    </Image>
  </ItemGroup>
  <ItemGroup>
    <ResourceCompile Include="cg_term_project.rc">
      <Filter>resource</Filter>
    </ResourceCompile>
  </ItemGroup>
</Project>