<?xml version="1.0" encoding="utf-8"?>
<Project ToolsVersion="4.0" xmlns="http://schemas.microsoft.com/developer/msbuild/2003">
  <ItemGroup>
    <Filter Include="Source Files">
      <UniqueIdentifier>{4FC737F1-C7A5-4376-A066-2A32D752A2FF}</UniqueIdentifier>
      <Extensions>cpp;c;cc;cxx;c++;cppm;ixx;def;odl;idl;hpj;bat;asm;asmx</Extensions>
    </Filter>
    <Filter Include="ecs">
      <UniqueIdentifier>{30ae1259-635c-4eb0-b1a3-a0e4d8626864}</UniqueIdentifier>
    </Filter>
    <Filter Include="ui">
      <UniqueIdentifier>{72d64d37-1f3f-4836-98f1-a21315314b3a}</UniqueIdentifier>
    </Filter>
    <Filter Include="entities">
      <UniqueIdentifier>{770ab3b7-e468-4a2f-825f-660225c2c02e}</UniqueIdentifier>
    </Filter>
    <Filter Include="ui\components">
      <UniqueIdentifier>{697a1653-7730-40ff-ae6f-c4c2539167d1}</UniqueIdentifier>
    </Filter>
  </ItemGroup>
  <ItemGroup>
    <ClCompile Include="main.cpp">
      <Filter>Source Files</Filter>
    </ClCompile>
    <ClCompile Include="ecs\ecs.cpp">
      <Filter>ecs</Filter>
    </ClCompile>
    <ClCompile Include="glad.c">
      <Filter>Source Files</Filter>
    </ClCompile>
    <ClCompile Include="ui\ui.cpp">
      <Filter>ui</Filter>
    </ClCompile>
    <ClCompile Include="entities\prelude.cpp">
      <Filter>entities</Filter>
    </ClCompile>
    <ClCompile Include="ui\camera.cpp">
      <Filter>ui</Filter>
    </ClCompile>
    <ClCompile Include="ui\on_keyboard_action.cpp">
      <Filter>ui</Filter>
    </ClCompile>
    <ClCompile Include="entities\body.cpp">
      <Filter>entities</Filter>
    </ClCompile>
    <ClCompile Include="entities\create_world.cpp">
      <Filter>entities</Filter>
    </ClCompile>
    <ClCompile Include="stb_impl.cpp">
      <Filter>Source Files</Filter>
    </ClCompile>
    <ClCompile Include="entities\create_system_forest.cpp">
      <Filter>entities</Filter>
    </ClCompile>
    <ClCompile Include="ui\components\include_components.cpp">
      <Filter>Source Files</Filter>
    </ClCompile>
  </ItemGroup>
  <ItemGroup>
    <ClInclude Include="ecs\system_forest.hpp">
      <Filter>ecs</Filter>
    </ClInclude>
    <ClInclude Include="ecs\utils.hpp">
      <Filter>ecs</Filter>
    </ClInclude>
    <ClInclude Include="ecs\world.hpp">
      <Filter>ecs</Filter>
    </ClInclude>
    <ClInclude Include="ecs\prelude.hpp">
      <Filter>ecs</Filter>
    </ClInclude>
    <ClInclude Include="ecs\diff.hpp">
      <Filter>ecs</Filter>
    </ClInclude>
    <ClInclude Include="ui\ui.hpp">
      <Filter>ui</Filter>
    </ClInclude>
    <ClInclude Include="entities\prelude.hpp">
      <Filter>entities</Filter>
    </ClInclude>
    <ClInclude Include="ui\curve.hpp">
      <Filter>ui</Filter>
    </ClInclude>
    <ClInclude Include="ui\ui_component.hpp">
      <Filter>ui</Filter>
    </ClInclude>
    <ClInclude Include="ui\data_loader.hpp">
      <Filter>ui</Filter>
    </ClInclude>
    <ClInclude Include="ui\camera.hpp">
      <Filter>ui</Filter>
    </ClInclude>
    <ClInclude Include="ui\components\flame.hpp">
      <Filter>ui\components</Filter>
    </ClInclude>
    <ClInclude Include="ui\components\paper_shader.hpp">
      <Filter>ui\components</Filter>
    </ClInclude>
    <ClInclude Include="ui\components\stage.hpp">
      <Filter>ui\components</Filter>
    </ClInclude>
    <ClInclude Include="ui\components\wolf.hpp">
      <Filter>ui\components</Filter>
    </ClInclude>
  </ItemGroup>
</Project>